{
  "name": "jsondir-livedb",
  "version": "0.0.3",
  "lockfileVersion": 1,
  "dependencies": {
    "deep-assign": {
      "version": "2.0.0",
      "resolved": "https://registry.npmjs.org/deep-assign/-/deep-assign-2.0.0.tgz",
      "integrity": "sha1-6+BrHwfwja5ZdiDj3RYi83GhxXI="
    },
    "dirtree": {
      "version": "0.0.2",
      "resolved": "https://registry.npmjs.org/dirtree/-/dirtree-0.0.2.tgz",
      "integrity": "sha1-YvemAxEykTLTbe0Xr199/cQFa8c="
    },
    "exec-sh": {
      "version": "0.2.0",
      "resolved": "https://registry.npmjs.org/exec-sh/-/exec-sh-0.2.0.tgz",
      "integrity": "sha1-FPdd4/INKG75MwmbLOUKkDWc7xA="
    },
    "flat": {
      "version": "1.6.1",
      "resolved": "https://registry.npmjs.org/flat/-/flat-1.6.1.tgz",
      "integrity": "sha1-R2udu3DV6TQNu8A4veCEoglFkhw="
    },
    "is-buffer": {
      "version": "1.1.5",
      "resolved": "https://registry.npmjs.org/is-buffer/-/is-buffer-1.1.5.tgz",
      "integrity": "sha1-Hzsm72E7IUuIy8ojzGwB2Hlh7sw="
    },
    "is-obj": {
      "version": "1.0.1",
      "resolved": "https://registry.npmjs.org/is-obj/-/is-obj-1.0.1.tgz",
      "integrity": "sha1-PkcprB9f3gJc19g6iW2rn09n2w8="
    },
    "merge": {
      "version": "1.2.0",
      "resolved": "https://registry.npmjs.org/merge/-/merge-1.2.0.tgz",
      "integrity": "sha1-dTHjnUlJwoGma4xabgJl6LBYlNo="
    },
    "minimist": {
      "version": "0.0.8",
      "resolved": "https://registry.npmjs.org/minimist/-/minimist-0.0.8.tgz",
      "integrity": "sha1-hX/Kv8M5fSYluCKCYuhqp6ARsF0="
    },
    "mkdirp": {
      "version": "0.5.1",
      "resolved": "https://registry.npmjs.org/mkdirp/-/mkdirp-0.5.1.tgz",
      "integrity": "sha1-MAV0OOrGz3+MR2fzhkjWaX11yQM="
    },
    "watch": {
      "version": "0.19.3",
      "resolved": "https://registry.npmjs.org/watch/-/watch-0.19.3.tgz",
      "integrity": "sha1-eCIa7o4tviPNRFiRfaMe7OVLN2Y=",
      "dependencies": {
        "minimist": {
          "version": "1.2.0",
          "resolved": "https://registry.npmjs.org/minimist/-/minimist-1.2.0.tgz",
          "integrity": "sha1-o1AIsg9BOD7sH7kU9M1d95omQoQ="
        }
      }
    }
  }
}
